
Microsoft Visual Studio Solution File, Format Version 12.00
# Visual Studio Version 17
VisualStudioVersion = 17.3.32825.248
MinimumVisualStudioVersion = 10.0.40219.1
Project("{9A19103F-16F7-4668-BE54-9A1E7A4F7556}") = "Movies.API", "Movies.API\Movies.API.csproj", "{E5118F58-0D9F-4B48-9588-4C3D4D825566}"
EndProject
Project("{9A19103F-16F7-4668-BE54-9A1E7A4F7556}") = "IdentityServer", "IdentityServer\IdentityServer.csproj", "{1D570633-41B4-49FA-96A3-B9BA450A1623}"
EndProject
Project("{9A19103F-16F7-4668-BE54-9A1E7A4F7556}") = "Movies.Client", "Movies.Client\Movies.Client.csproj", "{F2E31442-B3BA-416A-9175-578FD30E6107}"
EndProject
Project("{FAE04EC0-301F-11D3-BF4B-00C04F79EFBC}") = "ApiGateway", "ApiGateway\ApiGateway.csproj", "{BD3D8486-E8E2-40DE-BDC4-78EDB40B093E}"
EndProject
Global
	GlobalSection(SolutionConfigurationPlatforms) = preSolution
		Debug|Any CPU = Debug|Any CPU
		Release|Any CPU = Release|Any CPU
	EndGlobalSection
	GlobalSection(ProjectConfigurationPlatforms) = postSolution
		{E5118F58-0D9F-4B48-9588-4C3D4D825566}.Debug|Any CPU.ActiveCfg = Debug|Any CPU
		{E5118F58-0D9F-4B48-9588-4C3D4D825566}.Debug|Any CPU.Build.0 = Debug|Any CPU
		{E5118F58-0D9F-4B48-9588-4C3D4D825566}.Release|Any CPU.ActiveCfg = Release|Any CPU
		{E5118F58-0D9F-4B48-9588-4C3D4D825566}.Release|Any CPU.Build.0 = Release|Any CPU
		{1D570633-41B4-49FA-96A3-B9BA450A1623}.Debug|Any CPU.ActiveCfg = Debug|Any CPU
		{1D570633-41B4-49FA-96A3-B9BA450A1623}.Debug|Any CPU.Build.0 = Debug|Any CPU
		{1D570633-41B4-49FA-96A3-B9BA450A1623}.Release|Any CPU.ActiveCfg = Release|Any CPU
		{1D570633-41B4-49FA-96A3-B9BA450A1623}.Release|Any CPU.Build.0 = Release|Any CPU
		{F2E31442-B3BA-416A-9175-578FD30E6107}.Debug|Any CPU.ActiveCfg = Debug|Any CPU
		{F2E31442-B3BA-416A-9175-578FD30E6107}.Debug|Any CPU.Build.0 = Debug|Any CPU
		{F2E31442-B3BA-416A-9175-578FD30E6107}.Release|Any CPU.ActiveCfg = Release|Any CPU
		{F2E31442-B3BA-416A-9175-578FD30E6107}.Release|Any CPU.Build.0 = Release|Any CPU
		{BD3D8486-E8E2-40DE-BDC4-78EDB40B093E}.Debug|Any CPU.ActiveCfg = Debug|Any CPU
		{BD3D8486-E8E2-40DE-BDC4-78EDB40B093E}.Debug|Any CPU.Build.0 = Debug|Any CPU
		{BD3D8486-E8E2-40DE-BDC4-78EDB40B093E}.Release|Any CPU.ActiveCfg = Release|Any CPU
		{BD3D8486-E8E2-40DE-BDC4-78EDB40B093E}.Release|Any CPU.Build.0 = Release|Any CPU
	EndGlobalSection
	GlobalSection(SolutionProperties) = preSolution
		HideSolutionNode = FALSE
	EndGlobalSection
	GlobalSection(ExtensibilityGlobals) = postSolution
		SolutionGuid = {F4B29839-321D-46CE-92F2-E9F8904F0691}
	EndGlobalSection
EndGlobal
